// !$*UTF8*$!
{
	archiveVersion = 1;
	classes = {
	};
	objectVersion = 46;
	objects = {

/* Begin PBXBuildFile section */
		096A53D51DF25B0400236BA3 /* main.m in Sources */ = {isa = PBXBuildFile; fileRef = 096A53D41DF25B0400236BA3 /* main.m */; };
		096A53D81DF25B0400236BA3 /* AppDelegate.m in Sources */ = {isa = PBXBuildFile; fileRef = 096A53D71DF25B0400236BA3 /* AppDelegate.m */; };
		096A53DE1DF25B0400236BA3 /* Main.storyboard in Resources */ = {isa = PBXBuildFile; fileRef = 096A53DC1DF25B0400236BA3 /* Main.storyboard */; };
		096A53E01DF25B0400236BA3 /* Assets.xcassets in Resources */ = {isa = PBXBuildFile; fileRef = 096A53DF1DF25B0400236BA3 /* Assets.xcassets */; };
		096A53E31DF25B0400236BA3 /* LaunchScreen.storyboard in Resources */ = {isa = PBXBuildFile; fileRef = 096A53E11DF25B0400236BA3 /* LaunchScreen.storyboard */; };
		096A53EE1DF25B0400236BA3 /* EyeDemoTests.m in Sources */ = {isa = PBXBuildFile; fileRef = 096A53ED1DF25B0400236BA3 /* EyeDemoTests.m */; };
		096A53F91DF25B0500236BA3 /* EyeDemoUITests.m in Sources */ = {isa = PBXBuildFile; fileRef = 096A53F81DF25B0500236BA3 /* EyeDemoUITests.m */; };
		096A54101DF26AF200236BA3 /* ShopListVC.m in Sources */ = {isa = PBXBuildFile; fileRef = 096A540F1DF26AF200236BA3 /* ShopListVC.m */; };
		096A54131DF26B3700236BA3 /* ShopListCell.m in Sources */ = {isa = PBXBuildFile; fileRef = 096A54121DF26B3700236BA3 /* ShopListCell.m */; };
		096A54181DF26CB800236BA3 /* UIView+Extension.m in Sources */ = {isa = PBXBuildFile; fileRef = 096A54171DF26CB800236BA3 /* UIView+Extension.m */; };
		096A541B1DF2709E00236BA3 /* NetworkTool.m in Sources */ = {isa = PBXBuildFile; fileRef = 096A541A1DF2709E00236BA3 /* NetworkTool.m */; };
		096A541E1DF274E400236BA3 /* RequestTool.m in Sources */ = {isa = PBXBuildFile; fileRef = 096A541D1DF274E400236BA3 /* RequestTool.m */; };
		096A54221DF278BF00236BA3 /* ShopListModel.m in Sources */ = {isa = PBXBuildFile; fileRef = 096A54211DF278BF00236BA3 /* ShopListModel.m */; };
		096A54311DF2B02900236BA3 /* UIView+QB_Extension.m in Sources */ = {isa = PBXBuildFile; fileRef = 096A54301DF2B02900236BA3 /* UIView+QB_Extension.m */; };
		289DA2A055873F61274E360A /* libPods-EyeDemo.a in Frameworks */ = {isa = PBXBuildFile; fileRef = 9A7320977B98151FFE0F387A /* libPods-EyeDemo.a */; };
/* End PBXBuildFile section */

/* Begin PBXContainerItemProxy section */
		096A53EA1DF25B0400236BA3 /* PBXContainerItemProxy */ = {
			isa = PBXContainerItemProxy;
			containerPortal = 096A53C81DF25B0400236BA3 /* Project object */;
			proxyType = 1;
			remoteGlobalIDString = 096A53CF1DF25B0400236BA3;
			remoteInfo = EyeDemo;
		};
		096A53F51DF25B0400236BA3 /* PBXContainerItemProxy */ = {
			isa = PBXContainerItemProxy;
			containerPortal = 096A53C81DF25B0400236BA3 /* Project object */;
			proxyType = 1;
			remoteGlobalIDString = 096A53CF1DF25B0400236BA3;
			remoteInfo = EyeDemo;
		};
/* End PBXContainerItemProxy section */

/* Begin PBXFileReference section */
		096A53D01DF25B0400236BA3 /* EyeDemo.app */ = {isa = PBXFileReference; explicitFileType = wrapper.application; includeInIndex = 0; path = EyeDemo.app; sourceTree = BUILT_PRODUCTS_DIR; };
		096A53D41DF25B0400236BA3 /* main.m */ = {isa = PBXFileReference; lastKnownFileType = sourcecode.c.objc; path = main.m; sourceTree = "<group>"; };
		096A53D61DF25B0400236BA3 /* AppDelegate.h */ = {isa = PBXFileReference; lastKnownFileType = sourcecode.c.h; path = AppDelegate.h; sourceTree = "<group>"; };
		096A53D71DF25B0400236BA3 /* AppDelegate.m */ = {isa = PBXFileReference; lastKnownFileType = sourcecode.c.objc; path = AppDelegate.m; sourceTree = "<group>"; };
		096A53DD1DF25B0400236BA3 /* Base */ = {isa = PBXFileReference; lastKnownFileType = file.storyboard; name = Base; path = Base.lproj/Main.storyboard; sourceTree = "<group>"; };
		096A53DF1DF25B0400236BA3 /* Assets.xcassets */ = {isa = PBXFileReference; lastKnownFileType = folder.assetcatalog; path = Assets.xcassets; sourceTree = "<group>"; };
		096A53E21DF25B0400236BA3 /* Base */ = {isa = PBXFileReference; lastKnownFileType = file.storyboard; name = Base; path = Base.lproj/LaunchScreen.storyboard; sourceTree = "<group>"; };
		096A53E41DF25B0400236BA3 /* Info.plist */ = {isa = PBXFileReference; lastKnownFileType = text.plist.xml; path = Info.plist; sourceTree = "<group>"; };
		096A53E91DF25B0400236BA3 /* EyeDemoTests.xctest */ = {isa = PBXFileReference; explicitFileType = wrapper.cfbundle; includeInIndex = 0; path = EyeDemoTests.xctest; sourceTree = BUILT_PRODUCTS_DIR; };
		096A53ED1DF25B0400236BA3 /* EyeDemoTests.m */ = {isa = PBXFileReference; lastKnownFileType = sourcecode.c.objc; path = EyeDemoTests.m; sourceTree = "<group>"; };
		096A53EF1DF25B0400236BA3 /* Info.plist */ = {isa = PBXFileReference; lastKnownFileType = text.plist.xml; path = Info.plist; sourceTree = "<group>"; };
		096A53F41DF25B0400236BA3 /* EyeDemoUITests.xctest */ = {isa = PBXFileReference; explicitFileType = wrapper.cfbundle; includeInIndex = 0; path = EyeDemoUITests.xctest; sourceTree = BUILT_PRODUCTS_DIR; };
		096A53F81DF25B0500236BA3 /* EyeDemoUITests.m */ = {isa = PBXFileReference; lastKnownFileType = sourcecode.c.objc; path = EyeDemoUITests.m; sourceTree = "<group>"; };
		096A53FA1DF25B0500236BA3 /* Info.plist */ = {isa = PBXFileReference; lastKnownFileType = text.plist.xml; path = Info.plist; sourceTree = "<group>"; };
		096A54061DF268F200236BA3 /* PrefixHeader.pch */ = {isa = PBXFileReference; lastKnownFileType = sourcecode.c.h; path = PrefixHeader.pch; sourceTree = "<group>"; };
		096A54071DF2693800236BA3 /* Header.h */ = {isa = PBXFileReference; lastKnownFileType = sourcecode.c.h; path = Header.h; sourceTree = "<group>"; };
		096A54081DF2694400236BA3 /* Common.h */ = {isa = PBXFileReference; lastKnownFileType = sourcecode.c.h; path = Common.h; sourceTree = "<group>"; };
		096A540E1DF26AF200236BA3 /* ShopListVC.h */ = {isa = PBXFileReference; fileEncoding = 4; lastKnownFileType = sourcecode.c.h; path = ShopListVC.h; sourceTree = "<group>"; };
		096A540F1DF26AF200236BA3 /* ShopListVC.m */ = {isa = PBXFileReference; fileEncoding = 4; lastKnownFileType = sourcecode.c.objc; path = ShopListVC.m; sourceTree = "<group>"; };
		096A54111DF26B3700236BA3 /* ShopListCell.h */ = {isa = PBXFileReference; fileEncoding = 4; lastKnownFileType = sourcecode.c.h; path = ShopListCell.h; sourceTree = "<group>"; };
		096A54121DF26B3700236BA3 /* ShopListCell.m */ = {isa = PBXFileReference; fileEncoding = 4; lastKnownFileType = sourcecode.c.objc; path = ShopListCell.m; sourceTree = "<group>"; };
		096A54161DF26CB800236BA3 /* UIView+Extension.h */ = {isa = PBXFileReference; fileEncoding = 4; lastKnownFileType = sourcecode.c.h; path = "UIView+Extension.h"; sourceTree = "<group>"; };
		096A54171DF26CB800236BA3 /* UIView+Extension.m */ = {isa = PBXFileReference; fileEncoding = 4; lastKnownFileType = sourcecode.c.objc; path = "UIView+Extension.m"; sourceTree = "<group>"; };
		096A54191DF2709E00236BA3 /* NetworkTool.h */ = {isa = PBXFileReference; fileEncoding = 4; lastKnownFileType = sourcecode.c.h; path = NetworkTool.h; sourceTree = "<group>"; };
		096A541A1DF2709E00236BA3 /* NetworkTool.m */ = {isa = PBXFileReference; fileEncoding = 4; lastKnownFileType = sourcecode.c.objc; path = NetworkTool.m; sourceTree = "<group>"; };
		096A541C1DF274E400236BA3 /* RequestTool.h */ = {isa = PBXFileReference; fileEncoding = 4; lastKnownFileType = sourcecode.c.h; path = RequestTool.h; sourceTree = "<group>"; };
		096A541D1DF274E400236BA3 /* RequestTool.m */ = {isa = PBXFileReference; fileEncoding = 4; lastKnownFileType = sourcecode.c.objc; path = RequestTool.m; sourceTree = "<group>"; };
		096A541F1DF275A600236BA3 /* kURL.h */ = {isa = PBXFileReference; lastKnownFileType = sourcecode.c.h; path = kURL.h; sourceTree = "<group>"; };
		096A54201DF278BF00236BA3 /* ShopListModel.h */ = {isa = PBXFileReference; fileEncoding = 4; lastKnownFileType = sourcecode.c.h; path = ShopListModel.h; sourceTree = "<group>"; };
		096A54211DF278BF00236BA3 /* ShopListModel.m */ = {isa = PBXFileReference; fileEncoding = 4; lastKnownFileType = sourcecode.c.objc; path = ShopListModel.m; sourceTree = "<group>"; };
		096A542F1DF2B02900236BA3 /* UIView+QB_Extension.h */ = {isa = PBXFileReference; fileEncoding = 4; lastKnownFileType = sourcecode.c.h; path = "UIView+QB_Extension.h"; sourceTree = "<group>"; };
		096A54301DF2B02900236BA3 /* UIView+QB_Extension.m */ = {isa = PBXFileReference; fileEncoding = 4; lastKnownFileType = sourcecode.c.objc; path = "UIView+QB_Extension.m"; sourceTree = "<group>"; };
		4E3F31C7276CB64DDCFF434C /* Pods-EyeDemo.debug.xcconfig */ = {isa = PBXFileReference; includeInIndex = 1; lastKnownFileType = text.xcconfig; name = "Pods-EyeDemo.debug.xcconfig"; path = "Pods/Target Support Files/Pods-EyeDemo/Pods-EyeDemo.debug.xcconfig"; sourceTree = "<group>"; };
		9A7320977B98151FFE0F387A /* libPods-EyeDemo.a */ = {isa = PBXFileReference; explicitFileType = archive.ar; includeInIndex = 0; path = "libPods-EyeDemo.a"; sourceTree = BUILT_PRODUCTS_DIR; };
		9D4917CE8E1C45A42D58ABCD /* Pods-EyeDemo.release.xcconfig */ = {isa = PBXFileReference; includeInIndex = 1; lastKnownFileType = text.xcconfig; name = "Pods-EyeDemo.release.xcconfig"; path = "Pods/Target Support Files/Pods-EyeDemo/Pods-EyeDemo.release.xcconfig"; sourceTree = "<group>"; };
/* End PBXFileReference section */

/* Begin PBXFrameworksBuildPhase section */
		096A53CD1DF25B0400236BA3 /* Frameworks */ = {
			isa = PBXFrameworksBuildPhase;
			buildActionMask = 2147483647;
			files = (
				289DA2A055873F61274E360A /* libPods-EyeDemo.a in Frameworks */,
			);
			runOnlyForDeploymentPostprocessing = 0;
		};
		096A53E61DF25B0400236BA3 /* Frameworks */ = {
			isa = PBXFrameworksBuildPhase;
			buildActionMask = 2147483647;
			files = (
			);
			runOnlyForDeploymentPostprocessing = 0;
		};
		096A53F11DF25B0400236BA3 /* Frameworks */ = {
			isa = PBXFrameworksBuildPhase;
			buildActionMask = 2147483647;
			files = (
			);
			runOnlyForDeploymentPostprocessing = 0;
		};
/* End PBXFrameworksBuildPhase section */

/* Begin PBXGroup section */
		0149EFFB4CEB964417549E8F /* Pods */ = {
			isa = PBXGroup;
			children = (
				4E3F31C7276CB64DDCFF434C /* Pods-EyeDemo.debug.xcconfig */,
				9D4917CE8E1C45A42D58ABCD /* Pods-EyeDemo.release.xcconfig */,
			);
			name = Pods;
			sourceTree = "<group>";
		};
		096A53C71DF25B0400236BA3 = {
			isa = PBXGroup;
			children = (
				096A53D21DF25B0400236BA3 /* EyeDemo */,
				096A53EC1DF25B0400236BA3 /* EyeDemoTests */,
				096A53F71DF25B0400236BA3 /* EyeDemoUITests */,
				096A53D11DF25B0400236BA3 /* Products */,
				0149EFFB4CEB964417549E8F /* Pods */,
				0D4829E88BD302D1622B1572 /* Frameworks */,
			);
			sourceTree = "<group>";
		};
		096A53D11DF25B0400236BA3 /* Products */ = {
			isa = PBXGroup;
			children = (
				096A53D01DF25B0400236BA3 /* EyeDemo.app */,
				096A53E91DF25B0400236BA3 /* EyeDemoTests.xctest */,
				096A53F41DF25B0400236BA3 /* EyeDemoUITests.xctest */,
			);
			name = Products;
			sourceTree = "<group>";
		};
		096A53D21DF25B0400236BA3 /* EyeDemo */ = {
			isa = PBXGroup;
			children = (
				096A54091DF26ADF00236BA3 /* Classes */,
				096A53D61DF25B0400236BA3 /* AppDelegate.h */,
				096A53D71DF25B0400236BA3 /* AppDelegate.m */,
				096A54061DF268F200236BA3 /* PrefixHeader.pch */,
				096A54071DF2693800236BA3 /* Header.h */,
				096A541F1DF275A600236BA3 /* kURL.h */,
				096A54081DF2694400236BA3 /* Common.h */,
				096A53DC1DF25B0400236BA3 /* Main.storyboard */,
				096A53DF1DF25B0400236BA3 /* Assets.xcassets */,
				096A53E11DF25B0400236BA3 /* LaunchScreen.storyboard */,
				096A53E41DF25B0400236BA3 /* Info.plist */,
				096A53D31DF25B0400236BA3 /* Supporting Files */,
			);
			path = EyeDemo;
			sourceTree = "<group>";
		};
		096A53D31DF25B0400236BA3 /* Supporting Files */ = {
			isa = PBXGroup;
			children = (
				096A53D41DF25B0400236BA3 /* main.m */,
			);
			name = "Supporting Files";
			sourceTree = "<group>";
		};
		096A53EC1DF25B0400236BA3 /* EyeDemoTests */ = {
			isa = PBXGroup;
			children = (
				096A53ED1DF25B0400236BA3 /* EyeDemoTests.m */,
				096A53EF1DF25B0400236BA3 /* Info.plist */,
			);
			path = EyeDemoTests;
			sourceTree = "<group>";
		};
		096A53F71DF25B0400236BA3 /* EyeDemoUITests */ = {
			isa = PBXGroup;
			children = (
				096A53F81DF25B0500236BA3 /* EyeDemoUITests.m */,
				096A53FA1DF25B0500236BA3 /* Info.plist */,
			);
			path = EyeDemoUITests;
			sourceTree = "<group>";
		};
		096A54091DF26ADF00236BA3 /* Classes */ = {
			isa = PBXGroup;
			children = (
				096A54141DF26C9800236BA3 /* Lib */,
				096A540A1DF26ADF00236BA3 /* Shop */,
			);
			path = Classes;
			sourceTree = "<group>";
		};
		096A540A1DF26ADF00236BA3 /* Shop */ = {
			isa = PBXGroup;
			children = (
				096A540B1DF26ADF00236BA3 /* Controller */,
				096A540C1DF26ADF00236BA3 /* Model */,
				096A540D1DF26ADF00236BA3 /* View */,
			);
			path = Shop;
			sourceTree = "<group>";
		};
		096A540B1DF26ADF00236BA3 /* Controller */ = {
			isa = PBXGroup;
			children = (
				096A540E1DF26AF200236BA3 /* ShopListVC.h */,
				096A540F1DF26AF200236BA3 /* ShopListVC.m */,
			);
			path = Controller;
			sourceTree = "<group>";
		};
		096A540C1DF26ADF00236BA3 /* Model */ = {
			isa = PBXGroup;
			children = (
				096A54201DF278BF00236BA3 /* ShopListModel.h */,
				096A54211DF278BF00236BA3 /* ShopListModel.m */,
			);
			path = Model;
			sourceTree = "<group>";
		};
		096A540D1DF26ADF00236BA3 /* View */ = {
			isa = PBXGroup;
			children = (
				096A54111DF26B3700236BA3 /* ShopListCell.h */,
				096A54121DF26B3700236BA3 /* ShopListCell.m */,
			);
			path = View;
			sourceTree = "<group>";
		};
		096A54141DF26C9800236BA3 /* Lib */ = {
			isa = PBXGroup;
			children = (
				096A54151DF26CAD00236BA3 /* Category */,
			);
			path = Lib;
			sourceTree = "<group>";
		};
		096A54151DF26CAD00236BA3 /* Category */ = {
			isa = PBXGroup;
			children = (
				096A542F1DF2B02900236BA3 /* UIView+QB_Extension.h */,
				096A54301DF2B02900236BA3 /* UIView+QB_Extension.m */,
				096A54161DF26CB800236BA3 /* UIView+Extension.h */,
				096A54171DF26CB800236BA3 /* UIView+Extension.m */,
				096A54191DF2709E00236BA3 /* NetworkTool.h */,
				096A541A1DF2709E00236BA3 /* NetworkTool.m */,
				096A541C1DF274E400236BA3 /* RequestTool.h */,
				096A541D1DF274E400236BA3 /* RequestTool.m */,
			);
			path = Category;
			sourceTree = "<group>";
		};
		0D4829E88BD302D1622B1572 /* Frameworks */ = {
			isa = PBXGroup;
			children = (
				9A7320977B98151FFE0F387A /* libPods-EyeDemo.a */,
			);
			name = Frameworks;
			sourceTree = "<group>";
		};
/* End PBXGroup section */

/* Begin PBXNativeTarget section */
		096A53CF1DF25B0400236BA3 /* EyeDemo */ = {
			isa = PBXNativeTarget;
			buildConfigurationList = 096A53FD1DF25B0500236BA3 /* Build configuration list for PBXNativeTarget "EyeDemo" */;
			buildPhases = (
				A35E5882A944D7F31FA33C13 /* [CP] Check Pods Manifest.lock */,
				096A53CC1DF25B0400236BA3 /* Sources */,
				096A53CD1DF25B0400236BA3 /* Frameworks */,
				096A53CE1DF25B0400236BA3 /* Resources */,
				1FD61D8F0CB3E9B21BAEF49F /* [CP] Embed Pods Frameworks */,
				0124C1DA388BD616CFD17364 /* [CP] Copy Pods Resources */,
			);
			buildRules = (
			);
			dependencies = (
			);
			name = EyeDemo;
			productName = EyeDemo;
			productReference = 096A53D01DF25B0400236BA3 /* EyeDemo.app */;
			productType = "com.apple.product-type.application";
		};
		096A53E81DF25B0400236BA3 /* EyeDemoTests */ = {
			isa = PBXNativeTarget;
			buildConfigurationList = 096A54001DF25B0500236BA3 /* Build configuration list for PBXNativeTarget "EyeDemoTests" */;
			buildPhases = (
				096A53E51DF25B0400236BA3 /* Sources */,
				096A53E61DF25B0400236BA3 /* Frameworks */,
				096A53E71DF25B0400236BA3 /* Resources */,
			);
			buildRules = (
			);
			dependencies = (
				096A53EB1DF25B0400236BA3 /* PBXTargetDependency */,
			);
			name = EyeDemoTests;
			productName = EyeDemoTests;
			productReference = 096A53E91DF25B0400236BA3 /* EyeDemoTests.xctest */;
			productType = "com.apple.product-type.bundle.unit-test";
		};
		096A53F31DF25B0400236BA3 /* EyeDemoUITests */ = {
			isa = PBXNativeTarget;
			buildConfigurationList = 096A54031DF25B0500236BA3 /* Build configuration list for PBXNativeTarget "EyeDemoUITests" */;
			buildPhases = (
				096A53F01DF25B0400236BA3 /* Sources */,
				096A53F11DF25B0400236BA3 /* Frameworks */,
				096A53F21DF25B0400236BA3 /* Resources */,
			);
			buildRules = (
			);
			dependencies = (
				096A53F61DF25B0400236BA3 /* PBXTargetDependency */,
			);
			name = EyeDemoUITests;
			productName = EyeDemoUITests;
			productReference = 096A53F41DF25B0400236BA3 /* EyeDemoUITests.xctest */;
			productType = "com.apple.product-type.bundle.ui-testing";
		};
/* End PBXNativeTarget section */

/* Begin PBXProject section */
		096A53C81DF25B0400236BA3 /* Project object */ = {
			isa = PBXProject;
			attributes = {
				LastUpgradeCheck = 0720;
				ORGANIZATIONNAME = "阳光";
				TargetAttributes = {
					096A53CF1DF25B0400236BA3 = {
						CreatedOnToolsVersion = 7.2;
					};
					096A53E81DF25B0400236BA3 = {
						CreatedOnToolsVersion = 7.2;
						TestTargetID = 096A53CF1DF25B0400236BA3;
					};
					096A53F31DF25B0400236BA3 = {
						CreatedOnToolsVersion = 7.2;
						TestTargetID = 096A53CF1DF25B0400236BA3;
					};
				};
			};
			buildConfigurationList = 096A53CB1DF25B0400236BA3 /* Build configuration list for PBXProject "EyeDemo" */;
			compatibilityVersion = "Xcode 3.2";
			developmentRegion = English;
			hasScannedForEncodings = 0;
			knownRegions = (
				en,
				Base,
			);
			mainGroup = 096A53C71DF25B0400236BA3;
			productRefGroup = 096A53D11DF25B0400236BA3 /* Products */;
			projectDirPath = "";
			projectRoot = "";
			targets = (
				096A53CF1DF25B0400236BA3 /* EyeDemo */,
				096A53E81DF25B0400236BA3 /* EyeDemoTests */,
				096A53F31DF25B0400236BA3 /* EyeDemoUITests */,
			);
		};
/* End PBXProject section */

/* Begin PBXResourcesBuildPhase section */
		096A53CE1DF25B0400236BA3 /* Resources */ = {
			isa = PBXResourcesBuildPhase;
			buildActionMask = 2147483647;
			files = (
				096A53E31DF25B0400236BA3 /* LaunchScreen.storyboard in Resources */,
				096A53E01DF25B0400236BA3 /* Assets.xcassets in Resources */,
				096A53DE1DF25B0400236BA3 /* Main.storyboard in Resources */,
			);
			runOnlyForDeploymentPostprocessing = 0;
		};
		096A53E71DF25B0400236BA3 /* Resources */ = {
			isa = PBXResourcesBuildPhase;
			buildActionMask = 2147483647;
			files = (
			);
			runOnlyForDeploymentPostprocessing = 0;
		};
		096A53F21DF25B0400236BA3 /* Resources */ = {
			isa = PBXResourcesBuildPhase;
			buildActionMask = 2147483647;
			files = (
			);
			runOnlyForDeploymentPostprocessing = 0;
		};
/* End PBXResourcesBuildPhase section */

/* Begin PBXShellScriptBuildPhase section */
		0124C1DA388BD616CFD17364 /* [CP] Copy Pods Resources */ = {
			isa = PBXShellScriptBuildPhase;
			buildActionMask = 2147483647;
			files = (
			);
			inputPaths = (
			);
			name = "[CP] Copy Pods Resources";
			outputPaths = (
			);
			runOnlyForDeploymentPostprocessing = 0;
			shellPath = /bin/sh;
			shellScript = "\"${SRCROOT}/Pods/Target Support Files/Pods-EyeDemo/Pods-EyeDemo-resources.sh\"\n";
			showEnvVarsInLog = 0;
		};
		1FD61D8F0CB3E9B21BAEF49F /* [CP] Embed Pods Frameworks */ = {
			isa = PBXShellScriptBuildPhase;
			buildActionMask = 2147483647;
			files = (
			);
			inputPaths = (
			);
			name = "[CP] Embed Pods Frameworks";
			outputPaths = (
			);
			runOnlyForDeploymentPostprocessing = 0;
			shellPath = /bin/sh;
			shellScript = "\"${SRCROOT}/Pods/Target Support Files/Pods-EyeDemo/Pods-EyeDemo-frameworks.sh\"\n";
			showEnvVarsInLog = 0;
		};
		A35E5882A944D7F31FA33C13 /* [CP] Check Pods Manifest.lock */ = {
			isa = PBXShellScriptBuildPhase;
			buildActionMask = 2147483647;
			files = (
			);
			inputPaths = (
			);
			name = "[CP] Check Pods Manifest.lock";
			outputPaths = (
			);
			runOnlyForDeploymentPostprocessing = 0;
			shellPath = /bin/sh;
			shellScript = "diff \"${PODS_ROOT}/../Podfile.lock\" \"${PODS_ROOT}/Manifest.lock\" > /dev/null\nif [ $? != 0 ] ; then\n    # print error to STDERR\n    echo \"error: The sandbox is not in sync with the Podfile.lock. Run 'pod install' or update your CocoaPods installation.\" >&2\n    exit 1\nfi\n";
			showEnvVarsInLog = 0;
		};
/* End PBXShellScriptBuildPhase section */

/* Begin PBXSourcesBuildPhase section */
		096A53CC1DF25B0400236BA3 /* Sources */ = {
			isa = PBXSourcesBuildPhase;
			buildActionMask = 2147483647;
			files = (
				096A541B1DF2709E00236BA3 /* NetworkTool.m in Sources */,
				096A54181DF26CB800236BA3 /* UIView+Extension.m in Sources */,
				096A54311DF2B02900236BA3 /* UIView+QB_Extension.m in Sources */,
				096A54131DF26B3700236BA3 /* ShopListCell.m in Sources */,
				096A53D81DF25B0400236BA3 /* AppDelegate.m in Sources */,
				096A54101DF26AF200236BA3 /* ShopListVC.m in Sources */,
				096A53D51DF25B0400236BA3 /* main.m in Sources */,
				096A54221DF278BF00236BA3 /* ShopListModel.m in Sources */,
				096A541E1DF274E400236BA3 /* RequestTool.m in Sources */,
			);
			runOnlyForDeploymentPostprocessing = 0;
		};
		096A53E51DF25B0400236BA3 /* Sources */ = {
			isa = PBXSourcesBuildPhase;
			buildActionMask = 2147483647;
			files = (
				096A53EE1DF25B0400236BA3 /* EyeDemoTests.m in Sources */,
			);
			runOnlyForDeploymentPostprocessing = 0;
		};
		096A53F01DF25B0400236BA3 /* Sources */ = {
			isa = PBXSourcesBuildPhase;
			buildActionMask = 2147483647;
			files = (
				096A53F91DF25B0500236BA3 /* EyeDemoUITests.m in Sources */,
			);
			runOnlyForDeploymentPostprocessing = 0;
		};
/* End PBXSourcesBuildPhase section */

/* Begin PBXTargetDependency section */
		096A53EB1DF25B0400236BA3 /* PBXTargetDependency */ = {
			isa = PBXTargetDependency;
			target = 096A53CF1DF25B0400236BA3 /* EyeDemo */;
			targetProxy = 096A53EA1DF25B0400236BA3 /* PBXContainerItemProxy */;
		};
		096A53F61DF25B0400236BA3 /* PBXTargetDependency */ = {
			isa = PBXTargetDependency;
			target = 096A53CF1DF25B0400236BA3 /* EyeDemo */;
			targetProxy = 096A53F51DF25B0400236BA3 /* PBXContainerItemProxy */;
		};
/* End PBXTargetDependency section */

/* Begin PBXVariantGroup section */
		096A53DC1DF25B0400236BA3 /* Main.storyboard */ = {
			isa = PBXVariantGroup;
			children = (
				096A53DD1DF25B0400236BA3 /* Base */,
			);
			name = Main.storyboard;
			sourceTree = "<group>";
		};
		096A53E11DF25B0400236BA3 /* LaunchScreen.storyboard */ = {
			isa = PBXVariantGroup;
			children = (
				096A53E21DF25B0400236BA3 /* Base */,
			);
			name = LaunchScreen.storyboard;
			sourceTree = "<group>";
		};
/* End PBXVariantGroup section */

/* Begin XCBuildConfiguration section */
		096A53FB1DF25B0500236BA3 /* Debug */ = {
			isa = XCBuildConfiguration;
			buildSettings = {
				ALWAYS_SEARCH_USER_PATHS = NO;
				CLANG_CXX_LANGUAGE_STANDARD = "gnu++0x";
				CLANG_CXX_LIBRARY = "libc++";
				CLANG_ENABLE_MODULES = YES;
				CLANG_ENABLE_OBJC_ARC = YES;
				CLANG_WARN_BOOL_CONVERSION = YES;
				CLANG_WARN_CONSTANT_CONVERSION = YES;
				CLANG_WARN_DIRECT_OBJC_ISA_USAGE = YES_ERROR;
				CLANG_WARN_EMPTY_BODY = YES;
				CLANG_WARN_ENUM_CONVERSION = YES;
				CLANG_WARN_INT_CONVERSION = YES;
				CLANG_WARN_OBJC_ROOT_CLASS = YES_ERROR;
				CLANG_WARN_UNREACHABLE_CODE = YES;
				CLANG_WARN__DUPLICATE_METHOD_MATCH = YES;
				"CODE_SIGN_IDENTITY[sdk=iphoneos*]" = "iPhone Developer";
				COPY_PHASE_STRIP = NO;
				DEBUG_INFORMATION_FORMAT = dwarf;
				ENABLE_STRICT_OBJC_MSGSEND = YES;
				ENABLE_TESTABILITY = YES;
				GCC_C_LANGUAGE_STANDARD = gnu99;
				GCC_DYNAMIC_NO_PIC = NO;
				GCC_NO_COMMON_BLOCKS = YES;
				GCC_OPTIMIZATION_LEVEL = 0;
				GCC_PREPROCESSOR_DEFINITIONS = (
					"DEBUG=1",
					"$(inherited)",
				);
				GCC_WARN_64_TO_32_BIT_CONVERSION = YES;
				GCC_WARN_ABOUT_RETURN_TYPE = YES_ERROR;
				GCC_WARN_UNDECLARED_SELECTOR = YES;
				GCC_WARN_UNINITIALIZED_AUTOS = YES_AGGRESSIVE;
				GCC_WARN_UNUSED_FUNCTION = YES;
				GCC_WARN_UNUSED_VARIABLE = YES;
				IPHONEOS_DEPLOYMENT_TARGET = 9.2;
				MTL_ENABLE_DEBUG_INFO = YES;
				ONLY_ACTIVE_ARCH = YES;
				SDKROOT = iphoneos;
			};
			name = Debug;
		};
		096A53FC1DF25B0500236BA3 /* Release */ = {
			isa = XCBuildConfiguration;
			buildSettings = {
				ALWAYS_SEARCH_USER_PATHS = NO;
				CLANG_CXX_LANGUAGE_STANDARD = "gnu++0x";
				CLANG_CXX_LIBRARY = "libc++";
				CLANG_ENABLE_MODULES = YES;
				CLANG_ENABLE_OBJC_ARC = YES;
				CLANG_WARN_BOOL_CONVERSION = YES;
				CLANG_WARN_CONSTANT_CONVERSION = YES;
				CLANG_WARN_DIRECT_OBJC_ISA_USAGE = YES_ERROR;
				CLANG_WARN_EMPTY_BODY = YES;
				CLANG_WARN_ENUM_CONVERSION = YES;
				CLANG_WARN_INT_CONVERSION = YES;
				CLANG_WARN_OBJC_ROOT_CLASS = YES_ERROR;
				CLANG_WARN_UNREACHABLE_CODE = YES;
				CLANG_WARN__DUPLICATE_METHOD_MATCH = YES;
				"CODE_SIGN_IDENTITY[sdk=iphoneos*]" = "iPhone Developer";
				COPY_PHASE_STRIP = NO;
				DEBUG_INFORMATION_FORMAT = "dwarf-with-dsym";
				ENABLE_NS_ASSERTIONS = NO;
				ENABLE_STRICT_OBJC_MSGSEND = YES;
				GCC_C_LANGUAGE_STANDARD = gnu99;
				GCC_NO_COMMON_BLOCKS = YES;
				GCC_WARN_64_TO_32_BIT_CONVERSION = YES;
				GCC_WARN_ABOUT_RETURN_TYPE = YES_ERROR;
				GCC_WARN_UNDECLARED_SELECTOR = YES;
				GCC_WARN_UNINITIALIZED_AUTOS = YES_AGGRESSIVE;
				GCC_WARN_UNUSED_FUNCTION = YES;
				GCC_WARN_UNUSED_VARIABLE = YES;
				IPHONEOS_DEPLOYMENT_TARGET = 9.2;
				MTL_ENABLE_DEBUG_INFO = NO;
				SDKROOT = iphoneos;
				VALIDATE_PRODUCT = YES;
			};
			name = Release;
		};
		096A53FE1DF25B0500236BA3 /* Debug */ = {
			isa = XCBuildConfiguration;
			baseConfigurationReference = 4E3F31C7276CB64DDCFF434C /* Pods-EyeDemo.debug.xcconfig */;
			buildSettings = {
				ASSETCATALOG_COMPILER_APPICON_NAME = AppIcon;
				GCC_PRECOMPILE_PREFIX_HEADER = YES;
				GCC_PREFIX_HEADER = "$(SRCROOT)/EyeDemo/PrefixHeader.pch";
				INFOPLIST_FILE = EyeDemo/Info.plist;
				LD_RUNPATH_SEARCH_PATHS = "$(inherited) @executable_path/Frameworks";
				PRODUCT_BUNDLE_IDENTIFIER = Qibei.com.EyeDemo;
				PRODUCT_NAME = "$(TARGET_NAME)";
			};
			name = Debug;
		};
		096A53FF1DF25B0500236BA3 /* Release */ = {
			isa = XCBuildConfiguration;
			baseConfigurationReference = 9D4917CE8E1C45A42D58ABCD /* Pods-EyeDemo.release.xcconfig */;
			buildSettings = {
				ASSETCATALOG_COMPILER_APPICON_NAME = AppIcon;
				GCC_PRECOMPILE_PREFIX_HEADER = YES;
				GCC_PREFIX_HEADER = "$(SRCROOT)/EyeDemo/PrefixHeader.pch";
				INFOPLIST_FILE = EyeDemo/Info.plist;
				LD_RUNPATH_SEARCH_PATHS = "$(inherited) @executable_path/Frameworks";
				PRODUCT_BUNDLE_IDENTIFIER = Qibei.com.EyeDemo;
				PRODUCT_NAME = "$(TARGET_NAME)";
			};
			name = Release;
		};
		096A54011DF25B0500236BA3 /* Debug */ = {
			isa = XCBuildConfiguration;
			buildSettings = {
				BUNDLE_LOADER = "$(TEST_HOST)";
				INFOPLIST_FILE = EyeDemoTests/Info.plist;
				LD_RUNPATH_SEARCH_PATHS = "$(inherited) @executable_path/Frameworks @loader_path/Frameworks";
				PRODUCT_BUNDLE_IDENTIFIER = Qibei.com.EyeDemoTests;
				PRODUCT_NAME = "$(TARGET_NAME)";
				TEST_HOST = "$(BUILT_PRODUCTS_DIR)/EyeDemo.app/EyeDemo";
			};
			name = Debug;
		};
		096A54021DF25B0500236BA3 /* Release */ = {
			isa = XCBuildConfiguration;
			buildSettings = {
				BUNDLE_LOADER = "$(TEST_HOST)";
				INFOPLIST_FILE = EyeDemoTests/Info.plist;
				LD_RUNPATH_SEARCH_PATHS = "$(inherited) @executable_path/Frameworks @loader_path/Frameworks";
				PRODUCT_BUNDLE_IDENTIFIER = Qibei.com.EyeDemoTests;
				PRODUCT_NAME = "$(TARGET_NAME)";
				TEST_HOST = "$(BUILT_PRODUCTS_DIR)/EyeDemo.app/EyeDemo";
			};
			name = Release;
		};
		096A54041DF25B0500236BA3 /* Debug */ = {
			isa = XCBuildConfiguration;
			buildSettings = {
				INFOPLIST_FILE = EyeDemoUITests/Info.plist;
				LD_RUNPATH_SEARCH_PATHS = "$(inherited) @executable_path/Frameworks @loader_path/Frameworks";
				PRODUCT_BUNDLE_IDENTIFIER = Qibei.com.EyeDemoUITests;
				PRODUCT_NAME = "$(TARGET_NAME)";
				TEST_TARGET_NAME = EyeDemo;
				USES_XCTRUNNER = YES;
			};
			name = Debug;
		};
		096A54051DF25B0500236BA3 /* Release */ = {
			isa = XCBuildConfiguration;
			buildSettings = {
				INFOPLIST_FILE = EyeDemoUITests/Info.plist;
				LD_RUNPATH_SEARCH_PATHS = "$(inherited) @executable_path/Frameworks @loader_path/Frameworks";
				PRODUCT_BUNDLE_IDENTIFIER = Qibei.com.EyeDemoUITests;
				PRODUCT_NAME = "$(TARGET_NAME)";
				TEST_TARGET_NAME = EyeDemo;
				USES_XCTRUNNER = YES;
			};
			name = Release;
		};
/* End XCBuildConfiguration section */

/* Begin XCConfigurationList section */
		096A53CB1DF25B0400236BA3 /* Build configuration list for PBXProject "EyeDemo" */ = {
			isa = XCConfigurationList;
			buildConfigurations = (
				096A53FB1DF25B0500236BA3 /* Debug */,
				096A53FC1DF25B0500236BA3 /* Release */,
			);
			defaultConfigurationIsVisible = 0;
			defaultConfigurationName = Release;
		};
		096A53FD1DF25B0500236BA3 /* Build configuration list for PBXNativeTarget "EyeDemo" */ = {
			isa = XCConfigurationList;
			buildConfigurations = (
				096A53FE1DF25B0500236BA3 /* Debug */,
				096A53FF1DF25B0500236BA3 /* Release */,
			);
			defaultConfigurationIsVisible = 0;
			defaultConfigurationName = Release;
		};
		096A54001DF25B0500236BA3 /* Build configuration list for PBXNativeTarget "EyeDemoTests" */ = {
			isa = XCConfigurationList;
			buildConfigurations = (
				096A54011DF25B0500236BA3 /* Debug */,
				096A54021DF25B0500236BA3 /* Release */,
			);
			defaultConfigurationIsVisible = 0;
			defaultConfigurationName = Release;
		};
		096A54031DF25B0500236BA3 /* Build configuration list for PBXNativeTarget "EyeDemoUITests" */ = {
			isa = XCConfigurationList;
			buildConfigurations = (
				096A54041DF25B0500236BA3 /* Debug */,
				096A54051DF25B0500236BA3 /* Release */,
			);
			defaultConfigurationIsVisible = 0;
			defaultConfigurationName = Release;
		};
/* End XCConfigurationList section */
	};
	rootObject = 096A53C81DF25B0400236BA3 /* Project object */;
}
